
Microsoft Visual Studio Solution File, Format Version 12.00
# Visual Studio 15
VisualStudioVersion = 15.0.27130.2010
MinimumVisualStudioVersion = 10.0.40219.1
Project("{FAE04EC0-301F-11D3-BF4B-00C04F79EFBC}") = "BilletLib", "BilletLib\BilletLib.csproj", "{95791F42-6FA1-4E73-92B4-9F47999413C4}"
EndProject
Project("{FAE04EC0-301F-11D3-BF4B-00C04F79EFBC}") = "UnitTests", "UnitTests\UnitTests.csproj", "{090FA856-5A05-44C1-8EB2-54B0115F3C38}"
EndProject
Global
	GlobalSection(SolutionConfigurationPlatforms) = preSolution
		Debug|Any CPU = Debug|Any CPU
		Release|Any CPU = Release|Any CPU
	EndGlobalSection
	GlobalSection(ProjectConfigurationPlatforms) = postSolution
		{95791F42-6FA1-4E73-92B4-9F47999413C4}.Debug|Any CPU.ActiveCfg = Debug|Any CPU
		{95791F42-6FA1-4E73-92B4-9F47999413C4}.Debug|Any CPU.Build.0 = Debug|Any CPU
		{95791F42-6FA1-4E73-92B4-9F47999413C4}.Release|Any CPU.ActiveCfg = Release|Any CPU
		{95791F42-6FA1-4E73-92B4-9F47999413C4}.Release|Any CPU.Build.0 = Release|Any CPU
		{090FA856-5A05-44C1-8EB2-54B0115F3C38}.Debug|Any CPU.ActiveCfg = Debug|Any CPU
		{090FA856-5A05-44C1-8EB2-54B0115F3C38}.Debug|Any CPU.Build.0 = Debug|Any CPU
		{090FA856-5A05-44C1-8EB2-54B0115F3C38}.Release|Any CPU.ActiveCfg = Release|Any CPU
		{090FA856-5A05-44C1-8EB2-54B0115F3C38}.Release|Any CPU.Build.0 = Release|Any CPU
	EndGlobalSection
	GlobalSection(SolutionProperties) = preSolution
		HideSolutionNode = FALSE
	EndGlobalSection
	GlobalSection(ExtensibilityGlobals) = postSolution
		SolutionGuid = {ADBA99E0-7A3D-4AE2-B858-905AE508F2B1}
	EndGlobalSection
EndGlobal
